github.com/aperturerobotics/common v0.18.0 h1:AoeDkZcpg83+OjwUXGQD2VlUEDUl03IZBJiHW7pXtHE=
github.com/aperturerobotics/common v0.18.0/go.mod h1:qLWqm2T9MQmxDtE1ddNdWCHnUj1Z66GzNxllkZ3Fj7Y=
github.com/aperturerobotics/protobuf-go-lite v0.6.5 h1:AuPPcZ7ZaJe9ZYYC4gF7/5/Xbn9Mt9uXyV3+ADWy+Ys=
github.com/aperturerobotics/protobuf-go-lite v0.6.5/go.mod h1:YTbfnUj3feSULhs8VgepAHFnF3wUc0CPj4jd2axy21I=
github.com/valyala/fastjson v1.6.4 h1:uAUNq9Z6ymTgGhcm0UynUAB6tlbakBrz6CQFax3BXVQ=
github.com/valyala/fastjson v1.6.4/go.mod h1:CLCAqky6SMuOcxStkYQvblddUtoRxhYMGLrsQns1aXY=
